// !$*UTF8*$!
{
	archiveVersion = 1;
	classes = {
	};
	objectVersion = 77;
	objects = {

/* Begin PBXBuildFile section */
		0BE43B5E2F7F10F300849FF1 /* README.md in Resources */ = {isa = PBXBuildFile; fileRef = 0BE43B5D2F7F10F300849FF1 /* README.md */; };
/* End PBXBuildFile section */

/* Begin PBXContainerItemProxy section */
		0BCD83092F7EFB2B0096CEE6 /* PBXContainerItemProxy */ = {
			isa = PBXContainerItemProxy;
			containerPortal = 0BCD82F32F7EFB2A0096CEE6 /* Project object */;
			proxyType = 1;
			remoteGlobalIDString = 0BCD82FA2F7EFB2A0096CEE6;
			remoteInfo = FlicFinder;
		};
		0BCD83132F7EFB2B0096CEE6 /* PBXContainerItemProxy */ = {
			isa = PBXContainerItemProxy;
			containerPortal = 0BCD82F32F7EFB2A0096CEE6 /* Project object */;
			proxyType = 1;
			remoteGlobalIDString = 0BCD82FA2F7EFB2A0096CEE6;
			remoteInfo = FlicFinder;
		};
/* End PBXContainerItemProxy section */

/* Begin PBXFileReference section */
		0BCD82FB2F7EFB2A0096CEE6 /* FlicFinder.app */ = {isa = PBXFileReference; explicitFileType = wrapper.application; includeInIndex = 0; path = FlicFinder.app; sourceTree = BUILT_PRODUCTS_DIR; };
		0BCD83082F7EFB2B0096CEE6 /* FlicFinderTests.xctest */ = {isa = PBXFileReference; explicitFileType = wrapper.cfbundle; includeInIndex = 0; path = FlicFinderTests.xctest; sourceTree = BUILT_PRODUCTS_DIR; };
		0BCD83122F7EFB2B0096CEE6 /* FlicFinderUITests.xctest */ = {isa = PBXFileReference; explicitFileType = wrapper.cfbundle; includeInIndex = 0; path = FlicFinderUITests.xctest; sourceTree = BUILT_PRODUCTS_DIR; };
		0BE43B5D2F7F10F300849FF1 /* README.md */ = {isa = PBXFileReference; lastKnownFileType = net.daringfireball.markdown; path = README.md; sourceTree = "<group>"; };
/* End PBXFileReference section */

/* Begin PBXFileSystemSynchronizedRootGroup section */
		0BCD82FD2F7EFB2A0096CEE6 /* FlicFinder */ = {
			isa = PBXFileSystemSynchronizedRootGroup;
			path = FlicFinder;
			sourceTree = "<group>";
		};
		0BCD830B2F7EFB2B0096CEE6 /* FlicFinderTests */ = {
			isa = PBXFileSystemSynchronizedRootGroup;
			path = FlicFinderTests;
			sourceTree = "<group>";
		};
		0BCD83152F7EFB2B0096CEE6 /* FlicFinderUITests */ = {
			isa = PBXFileSystemSynchronizedRootGroup;
			path = FlicFinderUITests;
			sourceTree = "<group>";
		};
/* End PBXFileSystemSynchronizedRootGroup section */

/* Begin PBXFrameworksBuildPhase section */
		0BCD82F82F7EFB2A0096CEE6 /* Frameworks */ = {
			isa = PBXFrameworksBuildPhase;
			buildActionMask = 2147483647;
			files = (
			);
			runOnlyForDeploymentPostprocessing = 0;
		};
		0BCD83052F7EFB2B0096CEE6 /* Frameworks */ = {
			isa = PBXFrameworksBuildPhase;
			buildActionMask = 2147483647;
			files = (
			);
			runOnlyForDeploymentPostprocessing = 0;
		};
		0BCD830F2F7EFB2B0096CEE6 /* Frameworks */ = {
			isa = PBXFrameworksBuildPhase;
			buildActionMask = 2147483647;
			files = (
			);
			runOnlyForDeploymentPostprocessing = 0;
		};
/* End PBXFrameworksBuildPhase section */

/* Begin PBXGroup section */
		0BCD82F22F7EFB2A0096CEE6 = {
			isa = PBXGroup;
			children = (
				0BCD82FD2F7EFB2A0096CEE6 /* FlicFinder */,
				0BCD830B2F7EFB2B0096CEE6 /* FlicFinderTests */,
				0BCD83152F7EFB2B0096CEE6 /* FlicFinderUITests */,
				0BCD82FC2F7EFB2A0096CEE6 /* Products */,
				0BE43B5D2F7F10F300849FF1 /* README.md */,
			);
			sourceTree = "<group>";
		};
		0BCD82FC2F7EFB2A0096CEE6 /* Products */ = {
			isa = PBXGroup;
			children = (
				0BCD82FB2F7EFB2A0096CEE6 /* FlicFinder.app */,
				0BCD83082F7EFB2B0096CEE6 /* FlicFinderTests.xctest */,
				0BCD83122F7EFB2B0096CEE6 /* FlicFinderUITests.xctest */,
			);
			name = Products;
			sourceTree = "<group>";
		};
/* End PBXGroup section */

/* Begin PBXNativeTarget section */
		0BCD82FA2F7EFB2A0096CEE6 /* FlicFinder */ = {
			isa = PBXNativeTarget;
			buildConfigurationList = 0BCD831C2F7EFB2B0096CEE6 /* Build configuration list for PBXNativeTarget "FlicFinder" */;
			buildPhases = (
				0BCD82F72F7EFB2A0096CEE6 /* Sources */,
				0BCD82F82F7EFB2A0096CEE6 /* Frameworks */,
				0BCD82F92F7EFB2A0096CEE6 /* Resources */,
			);
			buildRules = (
			);
			dependencies = (
			);
			fileSystemSynchronizedGroups = (
				0BCD82FD2F7EFB2A0096CEE6 /* FlicFinder */,
			);
			name = FlicFinder;
			packageProductDependencies = (
			);
			productName = FlicFinder;
			productReference = 0BCD82FB2F7EFB2A0096CEE6 /* FlicFinder.app */;
			productType = "com.apple.product-type.application";
		};
		0BCD83072F7EFB2B0096CEE6 /* FlicFinderTests */ = {
			isa = PBXNativeTarget;
			buildConfigurationList = 0BCD831F2F7EFB2B0096CEE6 /* Build configuration list for PBXNativeTarget "FlicFinderTests" */;
			buildPhases = (
				0BCD83042F7EFB2B0096CEE6 /* Sources */,
				0BCD83052F7EFB2B0096CEE6 /* Frameworks */,
				0BCD83062F7EFB2B0096CEE6 /* Resources */,
			);
			buildRules = (
			);
			dependencies = (
				0BCD830A2F7EFB2B0096CEE6 /* PBXTargetDependency */,
			);
			fileSystemSynchronizedGroups = (
				0BCD830B2F7EFB2B0096CEE6 /* FlicFinderTests */,
			);
			name = FlicFinderTests;
			packageProductDependencies = (
			);
			productName = FlicFinderTests;
			productReference = 0BCD83082F7EFB2B0096CEE6 /* FlicFinderTests.xctest */;
			productType = "com.apple.product-type.bundle.unit-test";
		};
		0BCD83112F7EFB2B0096CEE6 /* FlicFinderUITests */ = {
			isa = PBXNativeTarget;
			buildConfigurationList = 0BCD83222F7EFB2B0096CEE6 /* Build configuration list for PBXNativeTarget "FlicFinderUITests" */;
			buildPhases = (
				0BCD830E2F7EFB2B0096CEE6 /* Sources */,
				0BCD830F2F7EFB2B0096CEE6 /* Frameworks */,
				0BCD83102F7EFB2B0096CEE6 /* Resources */,
			);
			buildRules = (
			);
			dependencies = (
				0BCD83142F7EFB2B0096CEE6 /* PBXTargetDependency */,
			);
			fileSystemSynchronizedGroups = (
				0BCD83152F7EFB2B0096CEE6 /* FlicFinderUITests */,
			);
			name = FlicFinderUITests;
			packageProductDependencies = (
			);
			productName = FlicFinderUITests;
			productReference = 0BCD83122F7EFB2B0096CEE6 /* FlicFinderUITests.xctest */;
			productType = "com.apple.product-type.bundle.ui-testing";
		};
/* End PBXNativeTarget section */

/* Begin PBXProject section */
		0BCD82F32F7EFB2A0096CEE6 /* Project object */ = {
			isa = PBXProject;
			attributes = {
				BuildIndependentTargetsInParallel = 1;
				LastSwiftUpdateCheck = 2640;
				LastUpgradeCheck = 2640;
				TargetAttributes = {
					0BCD82FA2F7EFB2A0096CEE6 = {
						CreatedOnToolsVersion = 26.4;
					};
					0BCD83072F7EFB2B0096CEE6 = {
						CreatedOnToolsVersion = 26.4;
						TestTargetID = 0BCD82FA2F7EFB2A0096CEE6;
					};
					0BCD83112F7EFB2B0096CEE6 = {
						CreatedOnToolsVersion = 26.4;
						TestTargetID = 0BCD82FA2F7EFB2A0096CEE6;
					};
				};
			};
			buildConfigurationList = 0BCD82F62F7EFB2A0096CEE6 /* Build configuration list for PBXProject "FlicFinder" */;
			developmentRegion = en;
			hasScannedForEncodings = 0;
			knownRegions = (
				en,
				Base,
			);
			mainGroup = 0BCD82F22F7EFB2A0096CEE6;
			minimizedProjectReferenceProxies = 1;
			preferredProjectObjectVersion = 77;
			productRefGroup = 0BCD82FC2F7EFB2A0096CEE6 /* Products */;
			projectDirPath = "";
			projectRoot = "";
			targets = (
				0BCD82FA2F7EFB2A0096CEE6 /* FlicFinder */,
				0BCD83072F7EFB2B0096CEE6 /* FlicFinderTests */,
				0BCD83112F7EFB2B0096CEE6 /* FlicFinderUITests */,
			);
		};
/* End PBXProject section */

/* Begin PBXResourcesBuildPhase section */
		0BCD82F92F7EFB2A0096CEE6 /* Resources */ = {
			isa = PBXResourcesBuildPhase;
			buildActionMask = 2147483647;
			files = (
				0BE43B5E2F7F10F300849FF1 /* README.md in Resources */,
			);
			runOnlyForDeploymentPostprocessing = 0;
		};
		0BCD83062F7EFB2B0096CEE6 /* Resources */ = {
			isa = PBXResourcesBuildPhase;
			buildActionMask = 2147483647;
			files = (
			);
			runOnlyForDeploymentPostprocessing = 0;
		};
		0BCD83102F7EFB2B0096CEE6 /* Resources */ = {
			isa = PBXResourcesBuildPhase;
			buildActionMask = 2147483647;
			files = (
			);
			runOnlyForDeploymentPostprocessing = 0;
		};
/* End PBXResourcesBuildPhase section */

/* Begin PBXSourcesBuildPhase section */
		0BCD82F72F7EFB2A0096CEE6 /* Sources */ = {
			isa = PBXSourcesBuildPhase;
			buildActionMask = 2147483647;
			files = (
			);
			runOnlyForDeploymentPostprocessing = 0;
		};
		0BCD83042F7EFB2B0096CEE6 /* Sources */ = {
			isa = PBXSourcesBuildPhase;
			buildActionMask = 2147483647;
			files = (
			);
			runOnlyForDeploymentPostprocessing = 0;
		};
		0BCD830E2F7EFB2B0096CEE6 /* Sources */ = {
			isa = PBXSourcesBuildPhase;
			buildActionMask = 2147483647;
			files = (
			);
			runOnlyForDeploymentPostprocessing = 0;
		};
/* End PBXSourcesBuildPhase section */

/* Begin PBXTargetDependency section */
		0BCD830A2F7EFB2B0096CEE6 /* PBXTargetDependency */ = {
			isa = PBXTargetDependency;
			target = 0BCD82FA2F7EFB2A0096CEE6 /* FlicFinder */;
			targetProxy = 0BCD83092F7EFB2B0096CEE6 /* PBXContainerItemProxy */;
		};
		0BCD83142F7EFB2B0096CEE6 /* PBXTargetDependency */ = {
			isa = PBXTargetDependency;
			target = 0BCD82FA2F7EFB2A0096CEE6 /* FlicFinder */;
			targetProxy = 0BCD83132F7EFB2B0096CEE6 /* PBXContainerItemProxy */;
		};
/* End PBXTargetDependency section */

/* Begin XCBuildConfiguration section */
		0BCD831A2F7EFB2B0096CEE6 /* Debug */ = {
			isa = XCBuildConfiguration;
			buildSettings = {
				ALWAYS_SEARCH_USER_PATHS = NO;
				ASSETCATALOG_COMPILER_GENERATE_SWIFT_ASSET_SYMBOL_EXTENSIONS = YES;
				CLANG_ANALYZER_NONNULL = YES;
				CLANG_ANALYZER_NUMBER_OBJECT_CONVERSION = YES_AGGRESSIVE;
				CLANG_CXX_LANGUAGE_STANDARD = "gnu++20";
				CLANG_ENABLE_MODULES = YES;
				CLANG_ENABLE_OBJC_ARC = YES;
				CLANG_ENABLE_OBJC_WEAK = YES;
				CLANG_WARN_BLOCK_CAPTURE_AUTORELEASING = YES;
				CLANG_WARN_BOOL_CONVERSION = YES;
				CLANG_WARN_COMMA = YES;
				CLANG_WARN_CONSTANT_CONVERSION = YES;
				CLANG_WARN_DEPRECATED_OBJC_IMPLEMENTATIONS = YES;
				CLANG_WARN_DIRECT_OBJC_ISA_USAGE = YES_ERROR;
				CLANG_WARN_DOCUMENTATION_COMMENTS = YES;
				CLANG_WARN_EMPTY_BODY = YES;
				CLANG_WARN_ENUM_CONVERSION = YES;
				CLANG_WARN_INFINITE_RECURSION = YES;
				CLANG_WARN_INT_CONVERSION = YES;
				CLANG_WARN_NON_LITERAL_NULL_CONVERSION = YES;
				CLANG_WARN_OBJC_IMPLICIT_RETAIN_SELF = YES;
				CLANG_WARN_OBJC_LITERAL_CONVERSION = YES;
				CLANG_WARN_OBJC_ROOT_CLASS = YES_ERROR;
				CLANG_WARN_QUOTED_INCLUDE_IN_FRAMEWORK_HEADER = YES;
				CLANG_WARN_RANGE_LOOP_ANALYSIS = YES;
				CLANG_WARN_STRICT_PROTOTYPES = YES;
				CLANG_WARN_SUSPICIOUS_MOVE = YES;
				CLANG_WARN_UNGUARDED_AVAILABILITY = YES_AGGRESSIVE;
				CLANG_WARN_UNREACHABLE_CODE = YES;
				CLANG_WARN__DUPLICATE_METHOD_MATCH = YES;
				COPY_PHASE_STRIP = NO;
				DEBUG_INFORMATION_FORMAT = dwarf;
				ENABLE_STRICT_OBJC_MSGSEND = YES;
				ENABLE_TESTABILITY = YES;
				ENABLE_USER_SCRIPT_SANDBOXING = YES;
				GCC_C_LANGUAGE_STANDARD = gnu17;
				GCC_DYNAMIC_NO_PIC = NO;
				GCC_NO_COMMON_BLOCKS = YES;
				GCC_OPTIMIZATION_LEVEL = 0;
				GCC_PREPROCESSOR_DEFINITIONS = (
					"DEBUG=1",
					"$(inherited)",
				);
				GCC_WARN_64_TO_32_BIT_CONVERSION = YES;
				GCC_WARN_ABOUT_RETURN_TYPE = YES_ERROR;
				GCC_WARN_UNDECLARED_SELECTOR = YES;
				GCC_WARN_UNINITIALIZED_AUTOS = YES_AGGRESSIVE;
				GCC_WARN_UNUSED_FUNCTION = YES;
				GCC_WARN_UNUSED_VARIABLE = YES;
				IPHONEOS_DEPLOYMENT_TARGET = 26.4;
				LOCALIZATION_PREFERS_STRING_CATALOGS = YES;
				MTL_ENABLE_DEBUG_INFO = INCLUDE_SOURCE;
				MTL_FAST_MATH = YES;
				ONLY_ACTIVE_ARCH = YES;
				SDKROOT = iphoneos;
				SWIFT_ACTIVE_COMPILATION_CONDITIONS = "DEBUG $(inherited)";
				SWIFT_OPTIMIZATION_LEVEL = "-Onone";
			};
			name = Debug;
		};
		0BCD831B2F7EFB2B0096CEE6 /* Release */ = {
			isa = XCBuildConfiguration;
			buildSettings = {
				ALWAYS_SEARCH_USER_PATHS = NO;
				ASSETCATALOG_COMPILER_GENERATE_SWIFT_ASSET_SYMBOL_EXTENSIONS = YES;
				CLANG_ANALYZER_NONNULL = YES;
				CLANG_ANALYZER_NUMBER_OBJECT_CONVERSION = YES_AGGRESSIVE;
				CLANG_CXX_LANGUAGE_STANDARD = "gnu++20";
				CLANG_ENABLE_MODULES = YES;
				CLANG_ENABLE_OBJC_ARC = YES;
				CLANG_ENABLE_OBJC_WEAK = YES;
				CLANG_WARN_BLOCK_CAPTURE_AUTORELEASING = YES;
				CLANG_WARN_BOOL_CONVERSION = YES;
				CLANG_WARN_COMMA = YES;
				CLANG_WARN_CONSTANT_CONVERSION = YES;
				CLANG_WARN_DEPRECATED_OBJC_IMPLEMENTATIONS = YES;
				CLANG_WARN_DIRECT_OBJC_ISA_USAGE = YES_ERROR;
				CLANG_WARN_DOCUMENTATION_COMMENTS = YES;
				CLANG_WARN_EMPTY_BODY = YES;
				CLANG_WARN_ENUM_CONVERSION = YES;
				CLANG_WARN_INFINITE_RECURSION = YES;
				CLANG_WARN_INT_CONVERSION = YES;
				CLANG_WARN_NON_LITERAL_NULL_CONVERSION = YES;
				CLANG_WARN_OBJC_IMPLICIT_RETAIN_SELF = YES;
				CLANG_WARN_OBJC_LITERAL_CONVERSION = YES;
				CLANG_WARN_OBJC_ROOT_CLASS = YES_ERROR;
				CLANG_WARN_QUOTED_INCLUDE_IN_FRAMEWORK_HEADER = YES;
				CLANG_WARN_RANGE_LOOP_ANALYSIS = YES;
				CLANG_WARN_STRICT_PROTOTYPES = YES;
				CLANG_WARN_SUSPICIOUS_MOVE = YES;
				CLANG_WARN_UNGUARDED_AVAILABILITY = YES_AGGRESSIVE;
				CLANG_WARN_UNREACHABLE_CODE = YES;
				CLANG_WARN__DUPLICATE_METHOD_MATCH = YES;
				COPY_PHASE_STRIP = NO;
				DEBUG_INFORMATION_FORMAT = "dwarf-with-dsym";
				ENABLE_NS_ASSERTIONS = NO;
				ENABLE_STRICT_OBJC_MSGSEND = YES;
				ENABLE_USER_SCRIPT_SANDBOXING = YES;
				GCC_C_LANGUAGE_STANDARD = gnu17;
				GCC_NO_COMMON_BLOCKS = YES;
				GCC_WARN_64_TO_32_BIT_CONVERSION = YES;
				GCC_WARN_ABOUT_RETURN_TYPE = YES_ERROR;
				GCC_WARN_UNDECLARED_SELECTOR = YES;
				GCC_WARN_UNINITIALIZED_AUTOS = YES_AGGRESSIVE;
				GCC_WARN_UNUSED_FUNCTION = YES;
				GCC_WARN_UNUSED_VARIABLE = YES;
				IPHONEOS_DEPLOYMENT_TARGET = 26.4;
				LOCALIZATION_PREFERS_STRING_CATALOGS = YES;
				MTL_ENABLE_DEBUG_INFO = NO;
				MTL_FAST_MATH = YES;
				SDKROOT = iphoneos;
				SWIFT_COMPILATION_MODE = wholemodule;
				VALIDATE_PRODUCT = YES;
			};
			name = Release;
		};
		0BCD831D2F7EFB2B0096CEE6 /* Debug */ = {
			isa = XCBuildConfiguration;
			buildSettings = {
				ASSETCATALOG_COMPILER_APPICON_NAME = AppIcon;
				ASSETCATALOG_COMPILER_GLOBAL_ACCENT_COLOR_NAME = AccentColor;
				CODE_SIGN_STYLE = Automatic;
				CURRENT_PROJECT_VERSION = 1;
				DEVELOPMENT_TEAM = Z8XHF74FTN;
				ENABLE_PREVIEWS = YES;
				GENERATE_INFOPLIST_FILE = YES;
				INFOPLIST_KEY_NSPhotoLibraryAddUsageDescription = "FlicFinder needs to manage your photos to delete the ones you select.";
				INFOPLIST_KEY_NSPhotoLibraryUsageDescription = "FlicFinder needs access to your photos to help you clean up your library.";
				INFOPLIST_KEY_UIApplicationSceneManifest_Generation = YES;
				INFOPLIST_KEY_UIApplicationSupportsIndirectInputEvents = YES;
				INFOPLIST_KEY_UILaunchScreen_Generation = YES;
				INFOPLIST_KEY_UISupportedInterfaceOrientations_iPad = "UIInterfaceOrientationPortrait UIInterfaceOrientationPortraitUpsideDown UIInterfaceOrientationLandscapeLeft UIInterfaceOrientationLandscapeRight";
				INFOPLIST_KEY_UISupportedInterfaceOrientations_iPhone = "UIInterfaceOrientationPortrait UIInterfaceOrientationLandscapeLeft UIInterfaceOrientationLandscapeRight";
				LD_RUNPATH_SEARCH_PATHS = (
					"$(inherited)",
					"@executable_path/Frameworks",
				);
				MARKETING_VERSION = 1.0;
				PRODUCT_BUNDLE_IDENTIFIER = com.MatthewKetas.FlicFinder;
				PRODUCT_NAME = "$(TARGET_NAME)";
				STRING_CATALOG_GENERATE_SYMBOLS = YES;
				SWIFT_APPROACHABLE_CONCURRENCY = YES;
				SWIFT_DEFAULT_ACTOR_ISOLATION = MainActor;
				SWIFT_EMIT_LOC_STRINGS = YES;
				SWIFT_UPCOMING_FEATURE_MEMBER_IMPORT_VISIBILITY = YES;
				SWIFT_VERSION = 5.0;
				TARGETED_DEVICE_FAMILY = "1,2";
			};
			name = Debug;
		};
		0BCD831E2F7EFB2B0096CEE6 /* Release */ = {
			isa = XCBuildConfiguration;
			buildSettings = {
				ASSETCATALOG_COMPILER_APPICON_NAME = AppIcon;
				ASSETCATALOG_COMPILER_GLOBAL_ACCENT_COLOR_NAME = AccentColor;
				CODE_SIGN_STYLE = Automatic;
				CURRENT_PROJECT_VERSION = 1;
				DEVELOPMENT_TEAM = Z8XHF74FTN;
				ENABLE_PREVIEWS = YES;
				GENERATE_INFOPLIST_FILE = YES;
				INFOPLIST_KEY_NSPhotoLibraryAddUsageDescription = "FlicFinder needs to manage your photos to delete the ones you select.";
				INFOPLIST_KEY_NSPhotoLibraryUsageDescription = "FlicFinder needs access to your photos to help you clean up your library.";
				INFOPLIST_KEY_UIApplicationSceneManifest_Generation = YES;
				INFOPLIST_KEY_UIApplicationSupportsIndirectInputEvents = YES;
				INFOPLIST_KEY_UILaunchScreen_Generation = YES;
				INFOPLIST_KEY_UISupportedInterfaceOrientations_iPad = "UIInterfaceOrientationPortrait UIInterfaceOrientationPortraitUpsideDown UIInterfaceOrientationLandscapeLeft UIInterfaceOrientationLandscapeRight";
				INFOPLIST_KEY_UISupportedInterfaceOrientations_iPhone = "UIInterfaceOrientationPortrait UIInterfaceOrientationLandscapeLeft UIInterfaceOrientationLandscapeRight";
				LD_RUNPATH_SEARCH_PATHS = (
					"$(inherited)",
					"@executable_path/Frameworks",
				);
				MARKETING_VERSION = 1.0;
				PRODUCT_BUNDLE_IDENTIFIER = com.MatthewKetas.FlicFinder;
				PRODUCT_NAME = "$(TARGET_NAME)";
				STRING_CATALOG_GENERATE_SYMBOLS = YES;
				SWIFT_APPROACHABLE_CONCURRENCY = YES;
				SWIFT_DEFAULT_ACTOR_ISOLATION = MainActor;
				SWIFT_EMIT_LOC_STRINGS = YES;
				SWIFT_UPCOMING_FEATURE_MEMBER_IMPORT_VISIBILITY = YES;
				SWIFT_VERSION = 5.0;
				TARGETED_DEVICE_FAMILY = "1,2";
			};
			name = Release;
		};
		0BCD83202F7EFB2B0096CEE6 /* Debug */ = {
			isa = XCBuildConfiguration;
			buildSettings = {
				BUNDLE_LOADER = "$(TEST_HOST)";
				CODE_SIGN_STYLE = Automatic;
				CURRENT_PROJECT_VERSION = 1;
				GENERATE_INFOPLIST_FILE = YES;
				IPHONEOS_DEPLOYMENT_TARGET = 26.4;
				MARKETING_VERSION = 1.0;
				PRODUCT_BUNDLE_IDENTIFIER = com.MatthewKetas.FlicFinderTests;
				PRODUCT_NAME = "$(TARGET_NAME)";
				STRING_CATALOG_GENERATE_SYMBOLS = NO;
				SWIFT_APPROACHABLE_CONCURRENCY = YES;
				SWIFT_EMIT_LOC_STRINGS = NO;
				SWIFT_UPCOMING_FEATURE_MEMBER_IMPORT_VISIBILITY = YES;
				SWIFT_VERSION = 5.0;
				TARGETED_DEVICE_FAMILY = "1,2";
				TEST_HOST = "$(BUILT_PRODUCTS_DIR)/FlicFinder.app/$(BUNDLE_EXECUTABLE_FOLDER_PATH)/FlicFinder";
			};
			name = Debug;
		};
		0BCD83212F7EFB2B0096CEE6 /* Release */ = {
			isa = XCBuildConfiguration;
			buildSettings = {
				BUNDLE_LOADER = "$(TEST_HOST)";
				CODE_SIGN_STYLE = Automatic;
				CURRENT_PROJECT_VERSION = 1;
				GENERATE_INFOPLIST_FILE = YES;
				IPHONEOS_DEPLOYMENT_TARGET = 26.4;
				MARKETING_VERSION = 1.0;
				PRODUCT_BUNDLE_IDENTIFIER = com.MatthewKetas.FlicFinderTests;
				PRODUCT_NAME = "$(TARGET_NAME)";
				STRING_CATALOG_GENERATE_SYMBOLS = NO;
				SWIFT_APPROACHABLE_CONCURRENCY = YES;
				SWIFT_EMIT_LOC_STRINGS = NO;
				SWIFT_UPCOMING_FEATURE_MEMBER_IMPORT_VISIBILITY = YES;
				SWIFT_VERSION = 5.0;
				TARGETED_DEVICE_FAMILY = "1,2";
				TEST_HOST = "$(BUILT_PRODUCTS_DIR)/FlicFinder.app/$(BUNDLE_EXECUTABLE_FOLDER_PATH)/FlicFinder";
			};
			name = Release;
		};
		0BCD83232F7EFB2B0096CEE6 /* Debug */ = {
			isa = XCBuildConfiguration;
			buildSettings = {
				CODE_SIGN_STYLE = Automatic;
				CURRENT_PROJECT_VERSION = 1;
				GENERATE_INFOPLIST_FILE = YES;
				MARKETING_VERSION = 1.0;
				PRODUCT_BUNDLE_IDENTIFIER = com.MatthewKetas.FlicFinderUITests;
				PRODUCT_NAME = "$(TARGET_NAME)";
				STRING_CATALOG_GENERATE_SYMBOLS = NO;
				SWIFT_APPROACHABLE_CONCURRENCY = YES;
				SWIFT_EMIT_LOC_STRINGS = NO;
				SWIFT_UPCOMING_FEATURE_MEMBER_IMPORT_VISIBILITY = YES;
				SWIFT_VERSION = 5.0;
				TARGETED_DEVICE_FAMILY = "1,2";
				TEST_TARGET_NAME = FlicFinder;
			};
			name = Debug;
		};
		0BCD83242F7EFB2B0096CEE6 /* Release */ = {
			isa = XCBuildConfiguration;
			buildSettings = {
				CODE_SIGN_STYLE = Automatic;
				CURRENT_PROJECT_VERSION = 1;
				GENERATE_INFOPLIST_FILE = YES;
				MARKETING_VERSION = 1.0;
				PRODUCT_BUNDLE_IDENTIFIER = com.MatthewKetas.FlicFinderUITests;
				PRODUCT_NAME = "$(TARGET_NAME)";
				STRING_CATALOG_GENERATE_SYMBOLS = NO;
				SWIFT_APPROACHABLE_CONCURRENCY = YES;
				SWIFT_EMIT_LOC_STRINGS = NO;
				SWIFT_UPCOMING_FEATURE_MEMBER_IMPORT_VISIBILITY = YES;
				SWIFT_VERSION = 5.0;
				TARGETED_DEVICE_FAMILY = "1,2";
				TEST_TARGET_NAME = FlicFinder;
			};
			name = Release;
		};
/* End XCBuildConfiguration section */

/* Begin XCConfigurationList section */
		0BCD82F62F7EFB2A0096CEE6 /* Build configuration list for PBXProject "FlicFinder" */ = {
			isa = XCConfigurationList;
			buildConfigurations = (
				0BCD831A2F7EFB2B0096CEE6 /* Debug */,
				0BCD831B2F7EFB2B0096CEE6 /* Release */,
			);
			defaultConfigurationIsVisible = 0;
			defaultConfigurationName = Release;
		};
		0BCD831C2F7EFB2B0096CEE6 /* Build configuration list for PBXNativeTarget "FlicFinder" */ = {
			isa = XCConfigurationList;
			buildConfigurations = (
				0BCD831D2F7EFB2B0096CEE6 /* Debug */,
				0BCD831E2F7EFB2B0096CEE6 /* Release */,
			);
			defaultConfigurationIsVisible = 0;
			defaultConfigurationName = Release;
		};
		0BCD831F2F7EFB2B0096CEE6 /* Build configuration list for PBXNativeTarget "FlicFinderTests" */ = {
			isa = XCConfigurationList;
			buildConfigurations = (
				0BCD83202F7EFB2B0096CEE6 /* Debug */,
				0BCD83212F7EFB2B0096CEE6 /* Release */,
			);
			defaultConfigurationIsVisible = 0;
			defaultConfigurationName = Release;
		};
		0BCD83222F7EFB2B0096CEE6 /* Build configuration list for PBXNativeTarget "FlicFinderUITests" */ = {
			isa = XCConfigurationList;
			buildConfigurations = (
				0BCD83232F7EFB2B0096CEE6 /* Debug */,
				0BCD83242F7EFB2B0096CEE6 /* Release */,
			);
			defaultConfigurationIsVisible = 0;
			defaultConfigurationName = Release;
		};
/* End XCConfigurationList section */
	};
	rootObject = 0BCD82F32F7EFB2A0096CEE6 /* Project object */;
}
